
Microsoft Visual Studio Solution File, Format Version 12.00
# Visual Studio 15
VisualStudioVersion = 15.0.26430.16
MinimumVisualStudioVersion = 10.0.40219.1
Project("{9A19103F-16F7-4668-BE54-9A1E7A4F7556}") = "MyProject.Web", "MyProject.Web\MyProject.Web.csproj", "{15086F1D-2E40-41CD-A772-33635184A761}"
	ProjectSection(ProjectDependencies) = postProject
		{1BDD651B-89F9-4DF2-991B-D5DC5D802227} = {1BDD651B-89F9-4DF2-991B-D5DC5D802227}
		{AAD92242-5702-4339-90AB-A94C4EEAE144} = {AAD92242-5702-4339-90AB-A94C4EEAE144}
		{C045326A-922D-4650-AB20-D8E433A2EB0A} = {C045326A-922D-4650-AB20-D8E433A2EB0A}
	EndProjectSection
EndProject
Project("{9A19103F-16F7-4668-BE54-9A1E7A4F7556}") = "MyProject.Model", "MyProject.Model\MyProject.Model.csproj", "{AAD92242-5702-4339-90AB-A94C4EEAE144}"
EndProject
Project("{9A19103F-16F7-4668-BE54-9A1E7A4F7556}") = "MyProject.Interface", "MyProject.Interface\MyProject.Interface.csproj", "{C045326A-922D-4650-AB20-D8E433A2EB0A}"
	ProjectSection(ProjectDependencies) = postProject
		{AAD92242-5702-4339-90AB-A94C4EEAE144} = {AAD92242-5702-4339-90AB-A94C4EEAE144}
	EndProjectSection
EndProject
Project("{9A19103F-16F7-4668-BE54-9A1E7A4F7556}") = "MyProject.DB", "MyProject.DB\MyProject.DB.csproj", "{1BDD651B-89F9-4DF2-991B-D5DC5D802227}"
	ProjectSection(ProjectDependencies) = postProject
		{AAD92242-5702-4339-90AB-A94C4EEAE144} = {AAD92242-5702-4339-90AB-A94C4EEAE144}
		{C045326A-922D-4650-AB20-D8E433A2EB0A} = {C045326A-922D-4650-AB20-D8E433A2EB0A}
	EndProjectSection
EndProject
Global
	GlobalSection(SolutionConfigurationPlatforms) = preSolution
		Debug|Any CPU = Debug|Any CPU
		Release|Any CPU = Release|Any CPU
	EndGlobalSection
	GlobalSection(ProjectConfigurationPlatforms) = postSolution
		{15086F1D-2E40-41CD-A772-33635184A761}.Debug|Any CPU.ActiveCfg = Debug|Any CPU
		{15086F1D-2E40-41CD-A772-33635184A761}.Debug|Any CPU.Build.0 = Debug|Any CPU
		{15086F1D-2E40-41CD-A772-33635184A761}.Release|Any CPU.ActiveCfg = Release|Any CPU
		{15086F1D-2E40-41CD-A772-33635184A761}.Release|Any CPU.Build.0 = Release|Any CPU
		{AAD92242-5702-4339-90AB-A94C4EEAE144}.Debug|Any CPU.ActiveCfg = Debug|Any CPU
		{AAD92242-5702-4339-90AB-A94C4EEAE144}.Debug|Any CPU.Build.0 = Debug|Any CPU
		{AAD92242-5702-4339-90AB-A94C4EEAE144}.Release|Any CPU.ActiveCfg = Release|Any CPU
		{AAD92242-5702-4339-90AB-A94C4EEAE144}.Release|Any CPU.Build.0 = Release|Any CPU
		{C045326A-922D-4650-AB20-D8E433A2EB0A}.Debug|Any CPU.ActiveCfg = Debug|Any CPU
		{C045326A-922D-4650-AB20-D8E433A2EB0A}.Debug|Any CPU.Build.0 = Debug|Any CPU
		{C045326A-922D-4650-AB20-D8E433A2EB0A}.Release|Any CPU.ActiveCfg = Release|Any CPU
		{C045326A-922D-4650-AB20-D8E433A2EB0A}.Release|Any CPU.Build.0 = Release|Any CPU
		{1BDD651B-89F9-4DF2-991B-D5DC5D802227}.Debug|Any CPU.ActiveCfg = Debug|Any CPU
		{1BDD651B-89F9-4DF2-991B-D5DC5D802227}.Debug|Any CPU.Build.0 = Debug|Any CPU
		{1BDD651B-89F9-4DF2-991B-D5DC5D802227}.Release|Any CPU.ActiveCfg = Release|Any CPU
		{1BDD651B-89F9-4DF2-991B-D5DC5D802227}.Release|Any CPU.Build.0 = Release|Any CPU
	EndGlobalSection
	GlobalSection(SolutionProperties) = preSolution
		HideSolutionNode = FALSE
	EndGlobalSection
EndGlobal
